
Microsoft Visual Studio Solution File, Format Version 12.00
# Visual Studio Express 2012 for Web
Project("{FAE04EC0-301F-11D3-BF4B-00C04F79EFBC}") = "WebApplication1", "WebApplication1\WebApplication1.csproj", "{7AA09935-AF8D-4260-8F26-D2199E26B48A}"
EndProject
Global
	GlobalSection(SolutionConfigurationPlatforms) = preSolution
		Debug|Any CPU = Debug|Any CPU
		Release|Any CPU = Release|Any CPU
	EndGlobalSection
	GlobalSection(ProjectConfigurationPlatforms) = postSolution
		{7AA09935-AF8D-4260-8F26-D2199E26B48A}.Debug|Any CPU.ActiveCfg = Debug|Any CPU
		{7AA09935-AF8D-4260-8F26-D2199E26B48A}.Debug|Any CPU.Build.0 = Debug|Any CPU
		{7AA09935-AF8D-4260-8F26-D2199E26B48A}.Release|Any CPU.ActiveCfg = Release|Any CPU
		{7AA09935-AF8D-4260-8F26-D2199E26B48A}.Release|Any CPU.Build.0 = Release|Any CPU
	EndGlobalSection
	GlobalSection(SolutionProperties) = preSolution
		HideSolutionNode = FALSE
	EndGlobalSection
EndGlobal
