
Microsoft Visual Studio Solution File, Format Version 12.00
# Visual Studio Express 2012 for Web
Project("{FAE04EC0-301F-11D3-BF4B-00C04F79EFBC}") = "MvcApplication1", "MvcApplication1\MvcApplication1.csproj", "{DA94D393-C11E-469B-8B0C-F1251BDB7D4B}"
EndProject
Global
	GlobalSection(SolutionConfigurationPlatforms) = preSolution
		Debug|Any CPU = Debug|Any CPU
		Release|Any CPU = Release|Any CPU
	EndGlobalSection
	GlobalSection(ProjectConfigurationPlatforms) = postSolution
		{DA94D393-C11E-469B-8B0C-F1251BDB7D4B}.Debug|Any CPU.ActiveCfg = Debug|Any CPU
		{DA94D393-C11E-469B-8B0C-F1251BDB7D4B}.Debug|Any CPU.Build.0 = Debug|Any CPU
		{DA94D393-C11E-469B-8B0C-F1251BDB7D4B}.Release|Any CPU.ActiveCfg = Release|Any CPU
		{DA94D393-C11E-469B-8B0C-F1251BDB7D4B}.Release|Any CPU.Build.0 = Release|Any CPU
	EndGlobalSection
	GlobalSection(SolutionProperties) = preSolution
		HideSolutionNode = FALSE
	EndGlobalSection
EndGlobal
